
Microsoft Visual Studio Solution File, Format Version 12.00
Project("{FAE04EC0-301F-11D3-BF4B-00C04F79EFBC}") = "csharp-atflib", "csharp-atflib\csharp-atflib.csproj", "{9C6CB649-E482-42DD-8A8A-F1FE33C62A74}"
EndProject
Project("{FAE04EC0-301F-11D3-BF4B-00C04F79EFBC}") = "console-runner", "console-runner\console-runner.csproj", "{A3F45EE0-CC9A-4B45-95D6-0BA355923FEF}"
EndProject
Global
	GlobalSection(SolutionConfigurationPlatforms) = preSolution
		Debug|Any CPU = Debug|Any CPU
		Release|Any CPU = Release|Any CPU
	EndGlobalSection
	GlobalSection(ProjectConfigurationPlatforms) = postSolution
		{9C6CB649-E482-42DD-8A8A-F1FE33C62A74}.Debug|Any CPU.ActiveCfg = Debug|Any CPU
		{9C6CB649-E482-42DD-8A8A-F1FE33C62A74}.Debug|Any CPU.Build.0 = Debug|Any CPU
		{9C6CB649-E482-42DD-8A8A-F1FE33C62A74}.Release|Any CPU.ActiveCfg = Release|Any CPU
		{9C6CB649-E482-42DD-8A8A-F1FE33C62A74}.Release|Any CPU.Build.0 = Release|Any CPU
		{A3F45EE0-CC9A-4B45-95D6-0BA355923FEF}.Debug|Any CPU.ActiveCfg = Debug|Any CPU
		{A3F45EE0-CC9A-4B45-95D6-0BA355923FEF}.Debug|Any CPU.Build.0 = Debug|Any CPU
		{A3F45EE0-CC9A-4B45-95D6-0BA355923FEF}.Release|Any CPU.ActiveCfg = Release|Any CPU
		{A3F45EE0-CC9A-4B45-95D6-0BA355923FEF}.Release|Any CPU.Build.0 = Release|Any CPU
	EndGlobalSection
EndGlobal
